
Microsoft Visual Studio Solution File, Format Version 12.00
# Visual Studio Version 17
VisualStudioVersion = 17.1.32210.238
MinimumVisualStudioVersion = 10.0.40219.1
Project("{E24C65DC-7377-472B-9ABA-BC803B73C61A}") = "SocietyManagementSystem", "..\..\..\Desktop\SocietyManagementSystem\", "{100CCD66-290C-452C-85CD-21CEB9388246}"
	ProjectSection(WebsiteProperties) = preProject
		TargetFrameworkMoniker = ".NETFramework,Version%3Dv4.5"
		Debug.AspNetCompiler.VirtualPath = "/localhost_49495"
		Debug.AspNetCompiler.PhysicalPath = "..\..\..\Desktop\SocietyManagementSystem\"
		Debug.AspNetCompiler.TargetPath = "PrecompiledWeb\localhost_49495\"
		Debug.AspNetCompiler.Updateable = "true"
		Debug.AspNetCompiler.ForceOverwrite = "true"
		Debug.AspNetCompiler.FixedNames = "false"
		Debug.AspNetCompiler.Debug = "True"
		Release.AspNetCompiler.VirtualPath = "/localhost_49495"
		Release.AspNetCompiler.PhysicalPath = "..\..\..\Desktop\SocietyManagementSystem\"
		Release.AspNetCompiler.TargetPath = "PrecompiledWeb\localhost_49495\"
		Release.AspNetCompiler.Updateable = "true"
		Release.AspNetCompiler.ForceOverwrite = "true"
		Release.AspNetCompiler.FixedNames = "false"
		Release.AspNetCompiler.Debug = "False"
		VWDPort = "49495"
	EndProjectSection
EndProject
Global
	GlobalSection(SolutionConfigurationPlatforms) = preSolution
		Debug|Any CPU = Debug|Any CPU
	EndGlobalSection
	GlobalSection(ProjectConfigurationPlatforms) = postSolution
		{100CCD66-290C-452C-85CD-21CEB9388246}.Debug|Any CPU.ActiveCfg = Debug|Any CPU
		{100CCD66-290C-452C-85CD-21CEB9388246}.Debug|Any CPU.Build.0 = Debug|Any CPU
	EndGlobalSection
	GlobalSection(SolutionProperties) = preSolution
		HideSolutionNode = FALSE
	EndGlobalSection
	GlobalSection(ExtensibilityGlobals) = postSolution
		SolutionGuid = {4396C40C-39B7-46EB-A419-3419AEABDF7C}
	EndGlobalSection
EndGlobal
